// !$*UTF8*$!
{
	archiveVersion = 1;
	classes = {
	};
	objectVersion = 46;
	objects = {

/* Begin PBXBuildFile section */
		DB96523C088D028F9E2BCC3F /* libPods-TaxibeatHomeTest.a in Frameworks */ = {isa = PBXBuildFile; fileRef = FFF46C21FBC3E28A5A992E4B /* libPods-TaxibeatHomeTest.a */; };
		E705A5411D6F2BC800B6D8CB /* TBSessionManager.m in Sources */ = {isa = PBXBuildFile; fileRef = E705A5401D6F2BC800B6D8CB /* TBSessionManager.m */; };
		E705A5441D6F2E1A00B6D8CB /* VenuesResponse.m in Sources */ = {isa = PBXBuildFile; fileRef = E705A5431D6F2E1A00B6D8CB /* VenuesResponse.m */; };
		E705A5471D6F309700B6D8CB /* TBAPIManager.m in Sources */ = {isa = PBXBuildFile; fileRef = E705A5461D6F309700B6D8CB /* TBAPIManager.m */; };
		E705A54A1D7063C600B6D8CB /* TBVenueViewController.m in Sources */ = {isa = PBXBuildFile; fileRef = E705A5491D7063C600B6D8CB /* TBVenueViewController.m */; };
		E705A54D1D70CEDA00B6D8CB /* VenueResponse.m in Sources */ = {isa = PBXBuildFile; fileRef = E705A54C1D70CEDA00B6D8CB /* VenueResponse.m */; };
		E705A5501D70E88800B6D8CB /* Photo.m in Sources */ = {isa = PBXBuildFile; fileRef = E705A54F1D70E88800B6D8CB /* Photo.m */; };
		E705A5521D717E7100B6D8CB /* TBGlobals.swift in Sources */ = {isa = PBXBuildFile; fileRef = E705A5511D717E7100B6D8CB /* TBGlobals.swift */; };
		E710061B1D6D7A1A00BFCC18 /* main.m in Sources */ = {isa = PBXBuildFile; fileRef = E710061A1D6D7A1A00BFCC18 /* main.m */; };
		E710061E1D6D7A1A00BFCC18 /* AppDelegate.m in Sources */ = {isa = PBXBuildFile; fileRef = E710061D1D6D7A1A00BFCC18 /* AppDelegate.m */; };
		E71006241D6D7A1A00BFCC18 /* Main.storyboard in Resources */ = {isa = PBXBuildFile; fileRef = E71006221D6D7A1A00BFCC18 /* Main.storyboard */; };
		E71006261D6D7A1A00BFCC18 /* Assets.xcassets in Resources */ = {isa = PBXBuildFile; fileRef = E71006251D6D7A1A00BFCC18 /* Assets.xcassets */; };
		E71006291D6D7A1A00BFCC18 /* LaunchScreen.storyboard in Resources */ = {isa = PBXBuildFile; fileRef = E71006271D6D7A1A00BFCC18 /* LaunchScreen.storyboard */; };
		E76434121D6F0AC100890F6E /* VenueTest.m in Sources */ = {isa = PBXBuildFile; fileRef = E76434111D6F0AC100890F6E /* VenueTest.m */; };
		E764341E1D6F111400890F6E /* TBViewController.m in Sources */ = {isa = PBXBuildFile; fileRef = E764341D1D6F111400890F6E /* TBViewController.m */; };
		E76434231D6F12EA00890F6E /* Venue.m in Sources */ = {isa = PBXBuildFile; fileRef = E76434221D6F12EA00890F6E /* Venue.m */; };
		E76434261D6F159100890F6E /* Location.m in Sources */ = {isa = PBXBuildFile; fileRef = E76434251D6F159100890F6E /* Location.m */; };
		E76434291D6F18AB00890F6E /* VenueCategory.m in Sources */ = {isa = PBXBuildFile; fileRef = E76434281D6F18AB00890F6E /* VenueCategory.m */; };
/* End PBXBuildFile section */

/* Begin PBXContainerItemProxy section */
		E71006301D6D7A1A00BFCC18 /* PBXContainerItemProxy */ = {
			isa = PBXContainerItemProxy;
			containerPortal = E710060E1D6D7A1A00BFCC18 /* Project object */;
			proxyType = 1;
			remoteGlobalIDString = E71006151D6D7A1A00BFCC18;
			remoteInfo = TaxibeatHomeTest;
		};
/* End PBXContainerItemProxy section */

/* Begin PBXFileReference section */
		83DCB9D5E3E4BF7901623FFF /* Pods-TaxibeatHomeTest.release.xcconfig */ = {isa = PBXFileReference; includeInIndex = 1; lastKnownFileType = text.xcconfig; name = "Pods-TaxibeatHomeTest.release.xcconfig"; path = "Pods/Target Support Files/Pods-TaxibeatHomeTest/Pods-TaxibeatHomeTest.release.xcconfig"; sourceTree = "<group>"; };
		9B5C9AF570D1FB09DC36B170 /* Pods-TaxibeatHomeTest.debug.xcconfig */ = {isa = PBXFileReference; includeInIndex = 1; lastKnownFileType = text.xcconfig; name = "Pods-TaxibeatHomeTest.debug.xcconfig"; path = "Pods/Target Support Files/Pods-TaxibeatHomeTest/Pods-TaxibeatHomeTest.debug.xcconfig"; sourceTree = "<group>"; };
		E705A53F1D6F2BC800B6D8CB /* TBSessionManager.h */ = {isa = PBXFileReference; fileEncoding = 4; lastKnownFileType = sourcecode.c.h; path = TBSessionManager.h; sourceTree = "<group>"; };
		E705A5401D6F2BC800B6D8CB /* TBSessionManager.m */ = {isa = PBXFileReference; fileEncoding = 4; lastKnownFileType = sourcecode.c.objc; path = TBSessionManager.m; sourceTree = "<group>"; };
		E705A5421D6F2E1A00B6D8CB /* VenuesResponse.h */ = {isa = PBXFileReference; fileEncoding = 4; lastKnownFileType = sourcecode.c.h; path = VenuesResponse.h; sourceTree = "<group>"; };
		E705A5431D6F2E1A00B6D8CB /* VenuesResponse.m */ = {isa = PBXFileReference; fileEncoding = 4; lastKnownFileType = sourcecode.c.objc; path = VenuesResponse.m; sourceTree = "<group>"; };
		E705A5451D6F309700B6D8CB /* TBAPIManager.h */ = {isa = PBXFileReference; fileEncoding = 4; lastKnownFileType = sourcecode.c.h; path = TBAPIManager.h; sourceTree = "<group>"; };
		E705A5461D6F309700B6D8CB /* TBAPIManager.m */ = {isa = PBXFileReference; fileEncoding = 4; lastKnownFileType = sourcecode.c.objc; path = TBAPIManager.m; sourceTree = "<group>"; };
		E705A5481D7063C600B6D8CB /* TBVenueViewController.h */ = {isa = PBXFileReference; fileEncoding = 4; lastKnownFileType = sourcecode.c.h; path = TBVenueViewController.h; sourceTree = "<group>"; };
		E705A5491D7063C600B6D8CB /* TBVenueViewController.m */ = {isa = PBXFileReference; fileEncoding = 4; lastKnownFileType = sourcecode.c.objc; path = TBVenueViewController.m; sourceTree = "<group>"; };
		E705A54B1D70CEDA00B6D8CB /* VenueResponse.h */ = {isa = PBXFileReference; fileEncoding = 4; lastKnownFileType = sourcecode.c.h; path = VenueResponse.h; sourceTree = "<group>"; };
		E705A54C1D70CEDA00B6D8CB /* VenueResponse.m */ = {isa = PBXFileReference; fileEncoding = 4; lastKnownFileType = sourcecode.c.objc; path = VenueResponse.m; sourceTree = "<group>"; };
		E705A54E1D70E88800B6D8CB /* Photo.h */ = {isa = PBXFileReference; fileEncoding = 4; lastKnownFileType = sourcecode.c.h; path = Photo.h; sourceTree = "<group>"; };
		E705A54F1D70E88800B6D8CB /* Photo.m */ = {isa = PBXFileReference; fileEncoding = 4; lastKnownFileType = sourcecode.c.objc; path = Photo.m; sourceTree = "<group>"; };
		E705A5511D717E7100B6D8CB /* TBGlobals.swift */ = {isa = PBXFileReference; fileEncoding = 4; lastKnownFileType = sourcecode.swift; path = TBGlobals.swift; sourceTree = "<group>"; };
		E705A5541D71811E00B6D8CB /* TaxibeatHomeTest-Bridging-Header.h */ = {isa = PBXFileReference; lastKnownFileType = sourcecode.c.h; path = "TaxibeatHomeTest-Bridging-Header.h"; sourceTree = "<group>"; };
		E71006161D6D7A1A00BFCC18 /* TaxibeatHomeTest.app */ = {isa = PBXFileReference; explicitFileType = wrapper.application; includeInIndex = 0; path = TaxibeatHomeTest.app; sourceTree = BUILT_PRODUCTS_DIR; };
		E710061A1D6D7A1A00BFCC18 /* main.m */ = {isa = PBXFileReference; lastKnownFileType = sourcecode.c.objc; path = main.m; sourceTree = "<group>"; };
		E710061C1D6D7A1A00BFCC18 /* AppDelegate.h */ = {isa = PBXFileReference; lastKnownFileType = sourcecode.c.h; path = AppDelegate.h; sourceTree = "<group>"; };
		E710061D1D6D7A1A00BFCC18 /* AppDelegate.m */ = {isa = PBXFileReference; lastKnownFileType = sourcecode.c.objc; path = AppDelegate.m; sourceTree = "<group>"; };
		E71006231D6D7A1A00BFCC18 /* Base */ = {isa = PBXFileReference; lastKnownFileType = file.storyboard; name = Base; path = Base.lproj/Main.storyboard; sourceTree = "<group>"; };
		E71006251D6D7A1A00BFCC18 /* Assets.xcassets */ = {isa = PBXFileReference; lastKnownFileType = folder.assetcatalog; path = Assets.xcassets; sourceTree = "<group>"; };
		E71006281D6D7A1A00BFCC18 /* Base */ = {isa = PBXFileReference; lastKnownFileType = file.storyboard; name = Base; path = Base.lproj/LaunchScreen.storyboard; sourceTree = "<group>"; };
		E710062A1D6D7A1A00BFCC18 /* Info.plist */ = {isa = PBXFileReference; lastKnownFileType = text.plist.xml; path = Info.plist; sourceTree = "<group>"; };
		E710062F1D6D7A1A00BFCC18 /* TaxibeatHomeTestTests.xctest */ = {isa = PBXFileReference; explicitFileType = wrapper.cfbundle; includeInIndex = 0; path = TaxibeatHomeTestTests.xctest; sourceTree = BUILT_PRODUCTS_DIR; };
		E71006351D6D7A1A00BFCC18 /* Info.plist */ = {isa = PBXFileReference; lastKnownFileType = text.plist.xml; path = Info.plist; sourceTree = "<group>"; };
		E76434111D6F0AC100890F6E /* VenueTest.m */ = {isa = PBXFileReference; fileEncoding = 4; lastKnownFileType = sourcecode.c.objc; path = VenueTest.m; sourceTree = "<group>"; };
		E764341C1D6F111400890F6E /* TBViewController.h */ = {isa = PBXFileReference; fileEncoding = 4; lastKnownFileType = sourcecode.c.h; path = TBViewController.h; sourceTree = "<group>"; };
		E764341D1D6F111400890F6E /* TBViewController.m */ = {isa = PBXFileReference; fileEncoding = 4; lastKnownFileType = sourcecode.c.objc; path = TBViewController.m; sourceTree = "<group>"; };
		E76434211D6F12EA00890F6E /* Venue.h */ = {isa = PBXFileReference; fileEncoding = 4; lastKnownFileType = sourcecode.c.h; path = Venue.h; sourceTree = "<group>"; };
		E76434221D6F12EA00890F6E /* Venue.m */ = {isa = PBXFileReference; fileEncoding = 4; lastKnownFileType = sourcecode.c.objc; path = Venue.m; sourceTree = "<group>"; };
		E76434241D6F159100890F6E /* Location.h */ = {isa = PBXFileReference; fileEncoding = 4; lastKnownFileType = sourcecode.c.h; path = Location.h; sourceTree = "<group>"; };
		E76434251D6F159100890F6E /* Location.m */ = {isa = PBXFileReference; fileEncoding = 4; lastKnownFileType = sourcecode.c.objc; path = Location.m; sourceTree = "<group>"; };
		E76434271D6F18AB00890F6E /* VenueCategory.h */ = {isa = PBXFileReference; fileEncoding = 4; lastKnownFileType = sourcecode.c.h; path = VenueCategory.h; sourceTree = "<group>"; };
		E76434281D6F18AB00890F6E /* VenueCategory.m */ = {isa = PBXFileReference; fileEncoding = 4; lastKnownFileType = sourcecode.c.objc; path = VenueCategory.m; sourceTree = "<group>"; };
		FFF46C21FBC3E28A5A992E4B /* libPods-TaxibeatHomeTest.a */ = {isa = PBXFileReference; explicitFileType = archive.ar; includeInIndex = 0; path = "libPods-TaxibeatHomeTest.a"; sourceTree = BUILT_PRODUCTS_DIR; };
/* End PBXFileReference section */

/* Begin PBXFrameworksBuildPhase section */
		E71006131D6D7A1A00BFCC18 /* Frameworks */ = {
			isa = PBXFrameworksBuildPhase;
			buildActionMask = 2147483647;
			files = (
				DB96523C088D028F9E2BCC3F /* libPods-TaxibeatHomeTest.a in Frameworks */,
			);
			runOnlyForDeploymentPostprocessing = 0;
		};
		E710062C1D6D7A1A00BFCC18 /* Frameworks */ = {
			isa = PBXFrameworksBuildPhase;
			buildActionMask = 2147483647;
			files = (
			);
			runOnlyForDeploymentPostprocessing = 0;
		};
/* End PBXFrameworksBuildPhase section */

/* Begin PBXGroup section */
		681DE3C77F06CA395E83679F /* Frameworks */ = {
			isa = PBXGroup;
			children = (
				FFF46C21FBC3E28A5A992E4B /* libPods-TaxibeatHomeTest.a */,
			);
			name = Frameworks;
			sourceTree = "<group>";
		};
		AF1E6DFE18FAFA641D03F688 /* Pods */ = {
			isa = PBXGroup;
			children = (
				9B5C9AF570D1FB09DC36B170 /* Pods-TaxibeatHomeTest.debug.xcconfig */,
				83DCB9D5E3E4BF7901623FFF /* Pods-TaxibeatHomeTest.release.xcconfig */,
			);
			name = Pods;
			sourceTree = "<group>";
		};
		E705A53E1D6F2B8700B6D8CB /* Networking */ = {
			isa = PBXGroup;
			children = (
				E705A53F1D6F2BC800B6D8CB /* TBSessionManager.h */,
				E705A5401D6F2BC800B6D8CB /* TBSessionManager.m */,
				E705A5451D6F309700B6D8CB /* TBAPIManager.h */,
				E705A5461D6F309700B6D8CB /* TBAPIManager.m */,
			);
			path = Networking;
			sourceTree = "<group>";
		};
		E710060D1D6D7A1A00BFCC18 = {
			isa = PBXGroup;
			children = (
				E71006181D6D7A1A00BFCC18 /* TaxibeatHomeTest */,
				E71006321D6D7A1A00BFCC18 /* TaxibeatHomeTestTests */,
				E71006171D6D7A1A00BFCC18 /* Products */,
				AF1E6DFE18FAFA641D03F688 /* Pods */,
				681DE3C77F06CA395E83679F /* Frameworks */,
			);
			sourceTree = "<group>";
		};
		E71006171D6D7A1A00BFCC18 /* Products */ = {
			isa = PBXGroup;
			children = (
				E71006161D6D7A1A00BFCC18 /* TaxibeatHomeTest.app */,
				E710062F1D6D7A1A00BFCC18 /* TaxibeatHomeTestTests.xctest */,
			);
			name = Products;
			sourceTree = "<group>";
		};
		E71006181D6D7A1A00BFCC18 /* TaxibeatHomeTest */ = {
			isa = PBXGroup;
			children = (
				E710061C1D6D7A1A00BFCC18 /* AppDelegate.h */,
				E710061D1D6D7A1A00BFCC18 /* AppDelegate.m */,
				E705A5511D717E7100B6D8CB /* TBGlobals.swift */,
				E71006221D6D7A1A00BFCC18 /* Main.storyboard */,
				E71006271D6D7A1A00BFCC18 /* LaunchScreen.storyboard */,
				E764341F1D6F118F00890F6E /* Model */,
				E764341B1D6F111400890F6E /* Controller */,
				E76434201D6F119700890F6E /* View */,
				E705A53E1D6F2B8700B6D8CB /* Networking */,
				E71006251D6D7A1A00BFCC18 /* Assets.xcassets */,
				E710062A1D6D7A1A00BFCC18 /* Info.plist */,
				E71006191D6D7A1A00BFCC18 /* Supporting Files */,
				E705A5541D71811E00B6D8CB /* TaxibeatHomeTest-Bridging-Header.h */,
			);
			path = TaxibeatHomeTest;
			sourceTree = "<group>";
		};
		E71006191D6D7A1A00BFCC18 /* Supporting Files */ = {
			isa = PBXGroup;
			children = (
				E710061A1D6D7A1A00BFCC18 /* main.m */,
			);
			name = "Supporting Files";
			sourceTree = "<group>";
		};
		E71006321D6D7A1A00BFCC18 /* TaxibeatHomeTestTests */ = {
			isa = PBXGroup;
			children = (
				E76434111D6F0AC100890F6E /* VenueTest.m */,
				E71006351D6D7A1A00BFCC18 /* Info.plist */,
			);
			path = TaxibeatHomeTestTests;
			sourceTree = "<group>";
		};
		E764341B1D6F111400890F6E /* Controller */ = {
			isa = PBXGroup;
			children = (
				E764341C1D6F111400890F6E /* TBViewController.h */,
				E764341D1D6F111400890F6E /* TBViewController.m */,
				E705A5481D7063C600B6D8CB /* TBVenueViewController.h */,
				E705A5491D7063C600B6D8CB /* TBVenueViewController.m */,
			);
			path = Controller;
			sourceTree = "<group>";
		};
		E764341F1D6F118F00890F6E /* Model */ = {
			isa = PBXGroup;
			children = (
				E705A5421D6F2E1A00B6D8CB /* VenuesResponse.h */,
				E705A5431D6F2E1A00B6D8CB /* VenuesResponse.m */,
				E705A54B1D70CEDA00B6D8CB /* VenueResponse.h */,
				E705A54C1D70CEDA00B6D8CB /* VenueResponse.m */,
				E76434211D6F12EA00890F6E /* Venue.h */,
				E76434221D6F12EA00890F6E /* Venue.m */,
				E76434241D6F159100890F6E /* Location.h */,
				E76434251D6F159100890F6E /* Location.m */,
				E76434271D6F18AB00890F6E /* VenueCategory.h */,
				E76434281D6F18AB00890F6E /* VenueCategory.m */,
				E705A54E1D70E88800B6D8CB /* Photo.h */,
				E705A54F1D70E88800B6D8CB /* Photo.m */,
			);
			path = Model;
			sourceTree = "<group>";
		};
		E76434201D6F119700890F6E /* View */ = {
			isa = PBXGroup;
			children = (
			);
			path = View;
			sourceTree = "<group>";
		};
/* End PBXGroup section */

/* Begin PBXNativeTarget section */
		E71006151D6D7A1A00BFCC18 /* TaxibeatHomeTest */ = {
			isa = PBXNativeTarget;
			buildConfigurationList = E71006381D6D7A1A00BFCC18 /* Build configuration list for PBXNativeTarget "TaxibeatHomeTest" */;
			buildPhases = (
				F13A98F519997D663916C0E5 /* 📦 Check Pods Manifest.lock */,
				E71006121D6D7A1A00BFCC18 /* Sources */,
				E71006131D6D7A1A00BFCC18 /* Frameworks */,
				E71006141D6D7A1A00BFCC18 /* Resources */,
				E8D9249A54599702DA8BF55E /* 📦 Embed Pods Frameworks */,
				C159620616594B22D9BE3510 /* 📦 Copy Pods Resources */,
			);
			buildRules = (
			);
			dependencies = (
			);
			name = TaxibeatHomeTest;
			productName = TaxibeatHomeTest;
			productReference = E71006161D6D7A1A00BFCC18 /* TaxibeatHomeTest.app */;
			productType = "com.apple.product-type.application";
		};
		E710062E1D6D7A1A00BFCC18 /* TaxibeatHomeTestTests */ = {
			isa = PBXNativeTarget;
			buildConfigurationList = E710063B1D6D7A1A00BFCC18 /* Build configuration list for PBXNativeTarget "TaxibeatHomeTestTests" */;
			buildPhases = (
				E710062B1D6D7A1A00BFCC18 /* Sources */,
				E710062C1D6D7A1A00BFCC18 /* Frameworks */,
				E710062D1D6D7A1A00BFCC18 /* Resources */,
			);
			buildRules = (
			);
			dependencies = (
				E71006311D6D7A1A00BFCC18 /* PBXTargetDependency */,
			);
			name = TaxibeatHomeTestTests;
			productName = TaxibeatHomeTestTests;
			productReference = E710062F1D6D7A1A00BFCC18 /* TaxibeatHomeTestTests.xctest */;
			productType = "com.apple.product-type.bundle.unit-test";
		};
/* End PBXNativeTarget section */

/* Begin PBXProject section */
		E710060E1D6D7A1A00BFCC18 /* Project object */ = {
			isa = PBXProject;
			attributes = {
				LastUpgradeCheck = 0730;
				ORGANIZATIONNAME = taxibeat;
				TargetAttributes = {
					E71006151D6D7A1A00BFCC18 = {
						CreatedOnToolsVersion = 7.3;
					};
					E710062E1D6D7A1A00BFCC18 = {
						CreatedOnToolsVersion = 7.3;
						TestTargetID = E71006151D6D7A1A00BFCC18;
					};
				};
			};
			buildConfigurationList = E71006111D6D7A1A00BFCC18 /* Build configuration list for PBXProject "TaxibeatHomeTest" */;
			compatibilityVersion = "Xcode 3.2";
			developmentRegion = English;
			hasScannedForEncodings = 0;
			knownRegions = (
				en,
				Base,
			);
			mainGroup = E710060D1D6D7A1A00BFCC18;
			productRefGroup = E71006171D6D7A1A00BFCC18 /* Products */;
			projectDirPath = "";
			projectRoot = "";
			targets = (
				E71006151D6D7A1A00BFCC18 /* TaxibeatHomeTest */,
				E710062E1D6D7A1A00BFCC18 /* TaxibeatHomeTestTests */,
			);
		};
/* End PBXProject section */

/* Begin PBXResourcesBuildPhase section */
		E71006141D6D7A1A00BFCC18 /* Resources */ = {
			isa = PBXResourcesBuildPhase;
			buildActionMask = 2147483647;
			files = (
				E71006291D6D7A1A00BFCC18 /* LaunchScreen.storyboard in Resources */,
				E71006261D6D7A1A00BFCC18 /* Assets.xcassets in Resources */,
				E71006241D6D7A1A00BFCC18 /* Main.storyboard in Resources */,
			);
			runOnlyForDeploymentPostprocessing = 0;
		};
		E710062D1D6D7A1A00BFCC18 /* Resources */ = {
			isa = PBXResourcesBuildPhase;
			buildActionMask = 2147483647;
			files = (
			);
			runOnlyForDeploymentPostprocessing = 0;
		};
/* End PBXResourcesBuildPhase section */

/* Begin PBXShellScriptBuildPhase section */
		C159620616594B22D9BE3510 /* 📦 Copy Pods Resources */ = {
			isa = PBXShellScriptBuildPhase;
			buildActionMask = 2147483647;
			files = (
			);
			inputPaths = (
			);
			name = "📦 Copy Pods Resources";
			outputPaths = (
			);
			runOnlyForDeploymentPostprocessing = 0;
			shellPath = /bin/sh;
			shellScript = "\"${SRCROOT}/Pods/Target Support Files/Pods-TaxibeatHomeTest/Pods-TaxibeatHomeTest-resources.sh\"\n";
			showEnvVarsInLog = 0;
		};
		E8D9249A54599702DA8BF55E /* 📦 Embed Pods Frameworks */ = {
			isa = PBXShellScriptBuildPhase;
			buildActionMask = 2147483647;
			files = (
			);
			inputPaths = (
			);
			name = "📦 Embed Pods Frameworks";
			outputPaths = (
			);
			runOnlyForDeploymentPostprocessing = 0;
			shellPath = /bin/sh;
			shellScript = "\"${SRCROOT}/Pods/Target Support Files/Pods-TaxibeatHomeTest/Pods-TaxibeatHomeTest-frameworks.sh\"\n";
			showEnvVarsInLog = 0;
		};
		F13A98F519997D663916C0E5 /* 📦 Check Pods Manifest.lock */ = {
			isa = PBXShellScriptBuildPhase;
			buildActionMask = 2147483647;
			files = (
			);
			inputPaths = (
			);
			name = "📦 Check Pods Manifest.lock";
			outputPaths = (
			);
			runOnlyForDeploymentPostprocessing = 0;
			shellPath = /bin/sh;
			shellScript = "diff \"${PODS_ROOT}/../Podfile.lock\" \"${PODS_ROOT}/Manifest.lock\" > /dev/null\nif [[ $? != 0 ]] ; then\n    cat << EOM\nerror: The sandbox is not in sync with the Podfile.lock. Run 'pod install' or update your CocoaPods installation.\nEOM\n    exit 1\nfi\n";
			showEnvVarsInLog = 0;
		};
/* End PBXShellScriptBuildPhase section */

/* Begin PBXSourcesBuildPhase section */
		E71006121D6D7A1A00BFCC18 /* Sources */ = {
			isa = PBXSourcesBuildPhase;
			buildActionMask = 2147483647;
			files = (
				E705A5501D70E88800B6D8CB /* Photo.m in Sources */,
				E705A5471D6F309700B6D8CB /* TBAPIManager.m in Sources */,
				E705A5441D6F2E1A00B6D8CB /* VenuesResponse.m in Sources */,
				E764341E1D6F111400890F6E /* TBViewController.m in Sources */,
				E76434291D6F18AB00890F6E /* VenueCategory.m in Sources */,
				E76434261D6F159100890F6E /* Location.m in Sources */,
				E76434231D6F12EA00890F6E /* Venue.m in Sources */,
				E710061E1D6D7A1A00BFCC18 /* AppDelegate.m in Sources */,
				E710061B1D6D7A1A00BFCC18 /* main.m in Sources */,
				E705A54A1D7063C600B6D8CB /* TBVenueViewController.m in Sources */,
				E705A5411D6F2BC800B6D8CB /* TBSessionManager.m in Sources */,
				E705A54D1D70CEDA00B6D8CB /* VenueResponse.m in Sources */,
				E705A5521D717E7100B6D8CB /* TBGlobals.swift in Sources */,
			);
			runOnlyForDeploymentPostprocessing = 0;
		};
		E710062B1D6D7A1A00BFCC18 /* Sources */ = {
			isa = PBXSourcesBuildPhase;
			buildActionMask = 2147483647;
			files = (
				E76434121D6F0AC100890F6E /* VenueTest.m in Sources */,
			);
			runOnlyForDeploymentPostprocessing = 0;
		};
/* End PBXSourcesBuildPhase section */

/* Begin PBXTargetDependency section */
		E71006311D6D7A1A00BFCC18 /* PBXTargetDependency */ = {
			isa = PBXTargetDependency;
			target = E71006151D6D7A1A00BFCC18 /* TaxibeatHomeTest */;
			targetProxy = E71006301D6D7A1A00BFCC18 /* PBXContainerItemProxy */;
		};
/* End PBXTargetDependency section */

/* Begin PBXVariantGroup section */
		E71006221D6D7A1A00BFCC18 /* Main.storyboard */ = {
			isa = PBXVariantGroup;
			children = (
				E71006231D6D7A1A00BFCC18 /* Base */,
			);
			name = Main.storyboard;
			sourceTree = "<group>";
		};
		E71006271D6D7A1A00BFCC18 /* LaunchScreen.storyboard */ = {
			isa = PBXVariantGroup;
			children = (
				E71006281D6D7A1A00BFCC18 /* Base */,
			);
			name = LaunchScreen.storyboard;
			sourceTree = "<group>";
		};
/* End PBXVariantGroup section */

/* Begin XCBuildConfiguration section */
		E71006361D6D7A1A00BFCC18 /* Debug */ = {
			isa = XCBuildConfiguration;
			buildSettings = {
				ALWAYS_SEARCH_USER_PATHS = NO;
				CLANG_ANALYZER_NONNULL = YES;
				CLANG_CXX_LANGUAGE_STANDARD = "gnu++0x";
				CLANG_CXX_LIBRARY = "libc++";
				CLANG_ENABLE_MODULES = YES;
				CLANG_ENABLE_OBJC_ARC = YES;
				CLANG_WARN_BOOL_CONVERSION = YES;
				CLANG_WARN_CONSTANT_CONVERSION = YES;
				CLANG_WARN_DIRECT_OBJC_ISA_USAGE = YES_ERROR;
				CLANG_WARN_EMPTY_BODY = YES;
				CLANG_WARN_ENUM_CONVERSION = YES;
				CLANG_WARN_INT_CONVERSION = YES;
				CLANG_WARN_OBJC_ROOT_CLASS = YES_ERROR;
				CLANG_WARN_UNREACHABLE_CODE = YES;
				CLANG_WARN__DUPLICATE_METHOD_MATCH = YES;
				"CODE_SIGN_IDENTITY[sdk=iphoneos*]" = "iPhone Developer";
				COPY_PHASE_STRIP = NO;
				DEBUG_INFORMATION_FORMAT = dwarf;
				DEFINES_MODULE = YES;
				EMBEDDED_CONTENT_CONTAINS_SWIFT = YES;
				ENABLE_STRICT_OBJC_MSGSEND = YES;
				ENABLE_TESTABILITY = YES;
				GCC_C_LANGUAGE_STANDARD = gnu99;
				GCC_DYNAMIC_NO_PIC = NO;
				GCC_NO_COMMON_BLOCKS = YES;
				GCC_OPTIMIZATION_LEVEL = 0;
				GCC_PREPROCESSOR_DEFINITIONS = (
					"DEBUG=1",
					"$(inherited)",
				);
				GCC_WARN_64_TO_32_BIT_CONVERSION = YES;
				GCC_WARN_ABOUT_RETURN_TYPE = YES_ERROR;
				GCC_WARN_UNDECLARED_SELECTOR = YES;
				GCC_WARN_UNINITIALIZED_AUTOS = YES_AGGRESSIVE;
				GCC_WARN_UNUSED_FUNCTION = YES;
				GCC_WARN_UNUSED_VARIABLE = YES;
				IPHONEOS_DEPLOYMENT_TARGET = 9.3;
				MTL_ENABLE_DEBUG_INFO = YES;
				ONLY_ACTIVE_ARCH = YES;
				SDKROOT = iphoneos;
				SWIFT_OBJC_BRIDGING_HEADER = "$(SRCROOT)/TaxibeatHomeTest/SwiftBridging.h";
			};
			name = Debug;
		};
		E71006371D6D7A1A00BFCC18 /* Release */ = {
			isa = XCBuildConfiguration;
			buildSettings = {
				ALWAYS_SEARCH_USER_PATHS = NO;
				CLANG_ANALYZER_NONNULL = YES;
				CLANG_CXX_LANGUAGE_STANDARD = "gnu++0x";
				CLANG_CXX_LIBRARY = "libc++";
				CLANG_ENABLE_MODULES = YES;
				CLANG_ENABLE_OBJC_ARC = YES;
				CLANG_WARN_BOOL_CONVERSION = YES;
				CLANG_WARN_CONSTANT_CONVERSION = YES;
				CLANG_WARN_DIRECT_OBJC_ISA_USAGE = YES_ERROR;
				CLANG_WARN_EMPTY_BODY = YES;
				CLANG_WARN_ENUM_CONVERSION = YES;
				CLANG_WARN_INT_CONVERSION = YES;
				CLANG_WARN_OBJC_ROOT_CLASS = YES_ERROR;
				CLANG_WARN_UNREACHABLE_CODE = YES;
				CLANG_WARN__DUPLICATE_METHOD_MATCH = YES;
				"CODE_SIGN_IDENTITY[sdk=iphoneos*]" = "iPhone Developer";
				COPY_PHASE_STRIP = NO;
				DEBUG_INFORMATION_FORMAT = "dwarf-with-dsym";
				DEFINES_MODULE = YES;
				EMBEDDED_CONTENT_CONTAINS_SWIFT = YES;
				ENABLE_NS_ASSERTIONS = NO;
				ENABLE_STRICT_OBJC_MSGSEND = YES;
				GCC_C_LANGUAGE_STANDARD = gnu99;
				GCC_NO_COMMON_BLOCKS = YES;
				GCC_WARN_64_TO_32_BIT_CONVERSION = YES;
				GCC_WARN_ABOUT_RETURN_TYPE = YES_ERROR;
				GCC_WARN_UNDECLARED_SELECTOR = YES;
				GCC_WARN_UNINITIALIZED_AUTOS = YES_AGGRESSIVE;
				GCC_WARN_UNUSED_FUNCTION = YES;
				GCC_WARN_UNUSED_VARIABLE = YES;
				IPHONEOS_DEPLOYMENT_TARGET = 9.3;
				MTL_ENABLE_DEBUG_INFO = NO;
				SDKROOT = iphoneos;
				SWIFT_OBJC_BRIDGING_HEADER = "$(SRCROOT)/TaxibeatHomeTest/SwiftBridging.h";
				VALIDATE_PRODUCT = YES;
			};
			name = Release;
		};
		E71006391D6D7A1A00BFCC18 /* Debug */ = {
			isa = XCBuildConfiguration;
			baseConfigurationReference = 9B5C9AF570D1FB09DC36B170 /* Pods-TaxibeatHomeTest.debug.xcconfig */;
			buildSettings = {
				ASSETCATALOG_COMPILER_APPICON_NAME = AppIcon;
				CLANG_ENABLE_MODULES = YES;
				CODE_SIGN_IDENTITY = "iPhone Developer";
				"CODE_SIGN_IDENTITY[sdk=iphoneos*]" = "iPhone Developer";
				INFOPLIST_FILE = TaxibeatHomeTest/Info.plist;
				LD_RUNPATH_SEARCH_PATHS = "$(inherited) @executable_path/Frameworks";
				PRODUCT_BUNDLE_IDENTIFIER = gr.taxibeat.TaxibeatHomeTest;
				PRODUCT_NAME = "$(TARGET_NAME)";
				PROVISIONING_PROFILE = "";
				SWIFT_OBJC_BRIDGING_HEADER = "TaxibeatHomeTest/TaxibeatHomeTest-Bridging-Header.h";
				SWIFT_OPTIMIZATION_LEVEL = "-Onone";
			};
			name = Debug;
		};
		E710063A1D6D7A1A00BFCC18 /* Release */ = {
			isa = XCBuildConfiguration;
			baseConfigurationReference = 83DCB9D5E3E4BF7901623FFF /* Pods-TaxibeatHomeTest.release.xcconfig */;
			buildSettings = {
				ASSETCATALOG_COMPILER_APPICON_NAME = AppIcon;
				CLANG_ENABLE_MODULES = YES;
				CODE_SIGN_IDENTITY = "iPhone Developer";
				"CODE_SIGN_IDENTITY[sdk=iphoneos*]" = "iPhone Developer";
				INFOPLIST_FILE = TaxibeatHomeTest/Info.plist;
				LD_RUNPATH_SEARCH_PATHS = "$(inherited) @executable_path/Frameworks";
				PRODUCT_BUNDLE_IDENTIFIER = gr.taxibeat.TaxibeatHomeTest;
				PRODUCT_NAME = "$(TARGET_NAME)";
				PROVISIONING_PROFILE = "";
				SWIFT_OBJC_BRIDGING_HEADER = "TaxibeatHomeTest/TaxibeatHomeTest-Bridging-Header.h";
			};
			name = Release;
		};
		E710063C1D6D7A1A00BFCC18 /* Debug */ = {
			isa = XCBuildConfiguration;
			buildSettings = {
				BUNDLE_LOADER = "$(TEST_HOST)";
				INFOPLIST_FILE = TaxibeatHomeTestTests/Info.plist;
				LD_RUNPATH_SEARCH_PATHS = "$(inherited) @executable_path/Frameworks @loader_path/Frameworks";
				PRODUCT_BUNDLE_IDENTIFIER = gr.taxibeat.TaxibeatHomeTestTests;
				PRODUCT_NAME = "$(TARGET_NAME)";
				TEST_HOST = "$(BUILT_PRODUCTS_DIR)/TaxibeatHomeTest.app/TaxibeatHomeTest";
			};
			name = Debug;
		};
		E710063D1D6D7A1A00BFCC18 /* Release */ = {
			isa = XCBuildConfiguration;
			buildSettings = {
				BUNDLE_LOADER = "$(TEST_HOST)";
				INFOPLIST_FILE = TaxibeatHomeTestTests/Info.plist;
				LD_RUNPATH_SEARCH_PATHS = "$(inherited) @executable_path/Frameworks @loader_path/Frameworks";
				PRODUCT_BUNDLE_IDENTIFIER = gr.taxibeat.TaxibeatHomeTestTests;
				PRODUCT_NAME = "$(TARGET_NAME)";
				TEST_HOST = "$(BUILT_PRODUCTS_DIR)/TaxibeatHomeTest.app/TaxibeatHomeTest";
			};
			name = Release;
		};
/* End XCBuildConfiguration section */

/* Begin XCConfigurationList section */
		E71006111D6D7A1A00BFCC18 /* Build configuration list for PBXProject "TaxibeatHomeTest" */ = {
			isa = XCConfigurationList;
			buildConfigurations = (
				E71006361D6D7A1A00BFCC18 /* Debug */,
				E71006371D6D7A1A00BFCC18 /* Release */,
			);
			defaultConfigurationIsVisible = 0;
			defaultConfigurationName = Release;
		};
		E71006381D6D7A1A00BFCC18 /* Build configuration list for PBXNativeTarget "TaxibeatHomeTest" */ = {
			isa = XCConfigurationList;
			buildConfigurations = (
				E71006391D6D7A1A00BFCC18 /* Debug */,
				E710063A1D6D7A1A00BFCC18 /* Release */,
			);
			defaultConfigurationIsVisible = 0;
			defaultConfigurationName = Release;
		};
		E710063B1D6D7A1A00BFCC18 /* Build configuration list for PBXNativeTarget "TaxibeatHomeTestTests" */ = {
			isa = XCConfigurationList;
			buildConfigurations = (
				E710063C1D6D7A1A00BFCC18 /* Debug */,
				E710063D1D6D7A1A00BFCC18 /* Release */,
			);
			defaultConfigurationIsVisible = 0;
			defaultConfigurationName = Release;
		};
/* End XCConfigurationList section */
	};
	rootObject = E710060E1D6D7A1A00BFCC18 /* Project object */;
}
